<?xml version="1.0" encoding="utf-8"?>
<Project ToolsVersion="4.0" xmlns="http://schemas.microsoft.com/developer/msbuild/2003">
  <ItemGroup>
    <Filter Include="ソース ファイル">
      <UniqueIdentifier>{4FC737F1-C7A5-4376-A066-2A32D752A2FF}</UniqueIdentifier>
      <Extensions>cpp;c;cc;cxx;def;odl;idl;hpj;bat;asm;asmx</Extensions>
    </Filter>
    <Filter Include="ヘッダー ファイル">
      <UniqueIdentifier>{93995380-89BD-4b04-88EB-625FBE52EBFB}</UniqueIdentifier>
      <Extensions>h;hh;hpp;hxx;hm;inl;inc;ipp;xsd</Extensions>
    </Filter>
    <Filter Include="リソース ファイル">
      <UniqueIdentifier>{67DA6AB6-F800-4c08-8B7A-83BB121AAD01}</UniqueIdentifier>
      <Extensions>rc;ico;cur;bmp;dlg;rc2;rct;bin;rgs;gif;jpg;jpeg;jpe;resx;tiff;tif;png;wav;mfcribbon-ms</Extensions>
    </Filter>
    <Filter Include="Window">
      <UniqueIdentifier>{5d122321-09e3-465c-8c9e-51bfce427088}</UniqueIdentifier>
    </Filter>
    <Filter Include="etc">
      <UniqueIdentifier>{0486f0cc-01fc-4bba-b0e6-b3eb2fb8e66f}</UniqueIdentifier>
    </Filter>
    <Filter Include="MyLib">
      <UniqueIdentifier>{895af30d-cafc-4f95-a4be-f774993c9251}</UniqueIdentifier>
    </Filter>
    <Filter Include="Manager">
      <UniqueIdentifier>{f52f2070-f392-479e-bd39-09de70b4af3e}</UniqueIdentifier>
    </Filter>
    <Filter Include="Func">
      <UniqueIdentifier>{a7328062-2947-4c8f-b472-0f6f0b749f14}</UniqueIdentifier>
    </Filter>
    <Filter Include="リソース ファイル\Shader">
      <UniqueIdentifier>{db92be90-075c-4eee-a99b-02de6b4080d7}</UniqueIdentifier>
    </Filter>
    <Filter Include="リソース ファイル\Shader\Texture">
      <UniqueIdentifier>{7ac73cc0-ee2a-4061-9e0e-c9cdb2a792de}</UniqueIdentifier>
    </Filter>
    <Filter Include="リソース ファイル\Shader\Primitive">
      <UniqueIdentifier>{00eae051-96af-4486-b566-98d3672b4eca}</UniqueIdentifier>
    </Filter>
    <Filter Include="Compute">
      <UniqueIdentifier>{db2d7a4d-2cba-4a8c-b6f5-313c616d697d}</UniqueIdentifier>
    </Filter>
    <Filter Include="Input">
      <UniqueIdentifier>{3246254f-ed2e-4fa4-b0e3-f7e5f306c73a}</UniqueIdentifier>
    </Filter>
    <Filter Include="Graphic">
      <UniqueIdentifier>{4bfd16dc-6e07-410d-8269-bd3dcf78c588}</UniqueIdentifier>
    </Filter>
    <Filter Include="Graphic\List">
      <UniqueIdentifier>{9235346a-41bf-4535-a145-4b144cb01907}</UniqueIdentifier>
    </Filter>
    <Filter Include="Graphic\Fence">
      <UniqueIdentifier>{e4ef1fb7-a823-4480-8e79-5f4f2e1cd849}</UniqueIdentifier>
    </Filter>
    <Filter Include="Graphic\Device">
      <UniqueIdentifier>{7c2858f5-e824-4d0d-882e-54b52b6005c5}</UniqueIdentifier>
    </Filter>
    <Filter Include="Graphic\Descriptor">
      <UniqueIdentifier>{f695c9e2-dd85-4b35-a971-cf6ba39496ad}</UniqueIdentifier>
    </Filter>
    <Filter Include="Graphic\Allocator">
      <UniqueIdentifier>{fb42eabc-e8f1-4850-befd-e4022819d1a3}</UniqueIdentifier>
    </Filter>
    <Filter Include="Graphic\Pipe">
      <UniqueIdentifier>{1e841b15-424f-4f5b-808c-7b304054e77d}</UniqueIdentifier>
    </Filter>
    <Filter Include="Graphic\Primitive">
      <UniqueIdentifier>{cdc00d23-7528-4539-beb5-a98b393d4546}</UniqueIdentifier>
    </Filter>
    <Filter Include="Graphic\Render">
      <UniqueIdentifier>{c5ca5dd4-4bc2-42c5-967b-c41ecf712c47}</UniqueIdentifier>
    </Filter>
    <Filter Include="Graphic\Root">
      <UniqueIdentifier>{f7be439d-f853-40cf-ba3f-0da33581b900}</UniqueIdentifier>
    </Filter>
    <Filter Include="Graphic\Queue">
      <UniqueIdentifier>{8f2046b7-ccba-42fb-bfae-17f698286858}</UniqueIdentifier>
    </Filter>
    <Filter Include="Graphic\Swap">
      <UniqueIdentifier>{1c88f645-257a-4f84-8d37-37bcd6885d8f}</UniqueIdentifier>
    </Filter>
    <Filter Include="Graphic\Texture">
      <UniqueIdentifier>{5987c0bb-6376-440b-b6e4-a7b112f93de6}</UniqueIdentifier>
    </Filter>
    <Filter Include="Graphic\Texture\Loader">
      <UniqueIdentifier>{96ebe1d0-f238-4fbe-b6d4-39d73af777c9}</UniqueIdentifier>
    </Filter>
    <Filter Include="Graphic\Texture\WIC">
      <UniqueIdentifier>{eb663f26-ac29-4940-81f1-045df558f2b9}</UniqueIdentifier>
    </Filter>
    <Filter Include="リソース ファイル\cso">
      <UniqueIdentifier>{7165fd9c-84a9-4e68-a336-c3e9383c3af5}</UniqueIdentifier>
    </Filter>
  </ItemGroup>
  <ItemGroup>
    <ClCompile Include="Main.cpp">
      <Filter>ソース ファイル</Filter>
    </ClCompile>
    <ClCompile Include="MyLib\Window\Window.cpp">
      <Filter>Window</Filter>
    </ClCompile>
    <ClCompile Include="MyLib\MyLib.cpp">
      <Filter>MyLib</Filter>
    </ClCompile>
    <ClCompile Include="MyLib\Manager\Manager_class.cpp">
      <Filter>Manager</Filter>
    </ClCompile>
    <ClCompile Include="MyLib\Manager\Manager_single.cpp">
      <Filter>Manager</Filter>
    </ClCompile>
    <ClCompile Include="MyLib\Graphics\Device\Device.cpp">
      <Filter>Graphic\Device</Filter>
    </ClCompile>
    <ClCompile Include="MyLib\Graphics\Allocator\Allocator.cpp">
      <Filter>Graphic\Allocator</Filter>
    </ClCompile>
    <ClCompile Include="MyLib\Graphics\Queue\Queue.cpp">
      <Filter>Graphic\Queue</Filter>
    </ClCompile>
    <ClCompile Include="MyLib\Graphics\List\List.cpp">
      <Filter>Graphic\List</Filter>
    </ClCompile>
    <ClCompile Include="MyLib\Graphics\Swap\Swap.cpp">
      <Filter>Graphic\Swap</Filter>
    </ClCompile>
    <ClCompile Include="MyLib\Graphics\Descriptor\Descriptor.cpp">
      <Filter>Graphic\Descriptor</Filter>
    </ClCompile>
    <ClCompile Include="MyLib\Graphics\Render\Render.cpp">
      <Filter>Graphic\Render</Filter>
    </ClCompile>
    <ClCompile Include="MyLib\Graphics\Fence\Fence.cpp">
      <Filter>Graphic\Fence</Filter>
    </ClCompile>
    <ClCompile Include="MyLib\Graphics\Texture\TexLoader.cpp">
      <Filter>Graphic\Texture\Loader</Filter>
    </ClCompile>
    <ClCompile Include="MyLib\Graphics\Texture\WICTextureLoader12.cpp">
      <Filter>Graphic\Texture\WIC</Filter>
    </ClCompile>
    <ClCompile Include="MyLib\Func\Func.cpp">
      <Filter>Func</Filter>
    </ClCompile>
    <ClCompile Include="MyLib\Graphics\Texture\Texture.cpp">
      <Filter>Graphic\Texture</Filter>
    </ClCompile>
    <ClCompile Include="MyLib\Graphics\Root\Root.cpp">
      <Filter>Graphic\Root</Filter>
    </ClCompile>
    <ClCompile Include="MyLib\Graphics\Pipe\Pipe.cpp">
      <Filter>Graphic\Pipe</Filter>
    </ClCompile>
    <ClCompile Include="MyLib\Graphics\Primitive\Primitive.cpp">
      <Filter>Graphic\Primitive</Filter>
    </ClCompile>
    <ClCompile Include="MyLib\Compute\Compute.cpp">
      <Filter>Compute</Filter>
    </ClCompile>
    <ClCompile Include="MyLib\Input\Input.cpp">
      <Filter>Input</Filter>
    </ClCompile>
  </ItemGroup>
  <ItemGroup>
    <ClInclude Include="MyLib\Window\Window.h">
      <Filter>Window</Filter>
    </ClInclude>
    <ClInclude Include="MyLib\etc\Vector2.h">
      <Filter>etc</Filter>
    </ClInclude>
    <ClInclude Include="MyLib\etc\Single.h">
      <Filter>etc</Filter>
    </ClInclude>
    <ClInclude Include="resource.h">
      <Filter>ヘッダー ファイル</Filter>
    </ClInclude>
    <ClInclude Include="MyLib\MyLib.h">
      <Filter>MyLib</Filter>
    </ClInclude>
    <ClInclude Include="MyLib\Manager\Manager.h">
      <Filter>Manager</Filter>
    </ClInclude>
    <ClInclude Include="MyLib\Graphics\Device\Device.h">
      <Filter>Graphic\Device</Filter>
    </ClInclude>
    <ClInclude Include="MyLib\Graphics\Allocator\Allocator.h">
      <Filter>Graphic\Allocator</Filter>
    </ClInclude>
    <ClInclude Include="MyLib\Graphics\Queue\Queue.h">
      <Filter>Graphic\Queue</Filter>
    </ClInclude>
    <ClInclude Include="MyLib\Graphics\List\List.h">
      <Filter>Graphic\List</Filter>
    </ClInclude>
    <ClInclude Include="MyLib\Graphics\Swap\Swap.h">
      <Filter>Graphic\Swap</Filter>
    </ClInclude>
    <ClInclude Include="MyLib\Graphics\Descriptor\Descriptor.h">
      <Filter>Graphic\Descriptor</Filter>
    </ClInclude>
    <ClInclude Include="MyLib\Graphics\Render\Render.h">
      <Filter>Graphic\Render</Filter>
    </ClInclude>
    <ClInclude Include="MyLib\Graphics\Fence\Fence.h">
      <Filter>Graphic\Fence</Filter>
    </ClInclude>
    <ClInclude Include="MyLib\Graphics\Texture\TexLoader.h">
      <Filter>Graphic\Texture\Loader</Filter>
    </ClInclude>
    <ClInclude Include="MyLib\Graphics\Texture\WICTextureLoader12.h">
      <Filter>Graphic\Texture\WIC</Filter>
    </ClInclude>
    <ClInclude Include="MyLib\Func\Func.h">
      <Filter>Func</Filter>
    </ClInclude>
    <ClInclude Include="MyLib\Graphics\Texture\Texture.h">
      <Filter>Graphic\Texture</Filter>
    </ClInclude>
    <ClInclude Include="MyLib\etc\Vector3.h">
      <Filter>etc</Filter>
    </ClInclude>
    <ClInclude Include="MyLib\Graphics\Root\Root.h">
      <Filter>Graphic\Root</Filter>
    </ClInclude>
    <ClInclude Include="MyLib\Graphics\Pipe\Pipe.h">
      <Filter>Graphic\Pipe</Filter>
    </ClInclude>
    <ClInclude Include="MyLib\Graphics\Primitive\Primitive.h">
      <Filter>Graphic\Primitive</Filter>
    </ClInclude>
    <ClInclude Include="MyLib\Compute\Compute.h">
      <Filter>Compute</Filter>
    </ClInclude>
    <ClInclude Include="MyLib\Input\Input.h">
      <Filter>Input</Filter>
    </ClInclude>
    <ClInclude Include="MyLib\Input\KeyCode.h">
      <Filter>Input</Filter>
    </ClInclude>
  </ItemGroup>
  <ItemGroup>
    <Image Include="MyLib\rsc\avicii.ico">
      <Filter>リソース ファイル</Filter>
    </Image>
  </ItemGroup>
  <ItemGroup>
    <ResourceCompile Include="MyLib.rc">
      <Filter>リソース ファイル</Filter>
    </ResourceCompile>
  </ItemGroup>
  <ItemGroup>
    <FxCompile Include="MyLib\Shader\Texture\TexGeometry.hlsl">
      <Filter>リソース ファイル\Shader\Texture</Filter>
    </FxCompile>
    <FxCompile Include="MyLib\Shader\Texture\TexPixel.hlsl">
      <Filter>リソース ファイル\Shader\Texture</Filter>
    </FxCompile>
    <FxCompile Include="MyLib\Shader\Texture\TexVertex.hlsl">
      <Filter>リソース ファイル\Shader\Texture</Filter>
    </FxCompile>
    <FxCompile Include="MyLib\Shader\Primitive\PrimVertex.hlsl">
      <Filter>リソース ファイル\Shader\Primitive</Filter>
    </FxCompile>
    <FxCompile Include="MyLib\Shader\Primitive\PrimPixel.hlsl">
      <Filter>リソース ファイル\Shader\Primitive</Filter>
    </FxCompile>
  </ItemGroup>
  <ItemGroup>
    <None Include="MyLib\Shader\Texture\Texture.hlsli">
      <Filter>リソース ファイル\Shader\Texture</Filter>
    </None>
    <None Include="MyLib\Shader\Shader.hlsli">
      <Filter>リソース ファイル\Shader</Filter>
    </None>
    <None Include="MyLib\Shader\Primitive\Primitive.hlsli">
      <Filter>リソース ファイル\Shader\Primitive</Filter>
    </None>
    <None Include="..\shader\TexVertex.cso">
      <Filter>リソース ファイル\cso</Filter>
    </None>
    <None Include="..\shader\TexPixel.cso">
      <Filter>リソース ファイル\cso</Filter>
    </None>
    <None Include="..\shader\TexGeometry.cso">
      <Filter>リソース ファイル\cso</Filter>
    </None>
    <None Include="..\shader\PrimVertex.cso">
      <Filter>リソース ファイル\cso</Filter>
    </None>
    <None Include="..\shader\PrimPixel.cso">
      <Filter>リソース ファイル\cso</Filter>
    </None>
  </ItemGroup>
</Project>