<?xml version="1.0" encoding="utf-8"?>
<Project ToolsVersion="4.0" xmlns="http://schemas.microsoft.com/developer/msbuild/2003">
  <ItemGroup>
    <Filter Include="ソース ファイル">
      <UniqueIdentifier>{4FC737F1-C7A5-4376-A066-2A32D752A2FF}</UniqueIdentifier>
      <Extensions>cpp;c;cc;cxx;def;odl;idl;hpj;bat;asm;asmx</Extensions>
    </Filter>
    <Filter Include="ヘッダー ファイル">
      <UniqueIdentifier>{93995380-89BD-4b04-88EB-625FBE52EBFB}</UniqueIdentifier>
      <Extensions>h;hh;hpp;hxx;hm;inl;inc;ipp;xsd</Extensions>
    </Filter>
    <Filter Include="リソース ファイル">
      <UniqueIdentifier>{67DA6AB6-F800-4c08-8B7A-83BB121AAD01}</UniqueIdentifier>
      <Extensions>rc;ico;cur;bmp;dlg;rc2;rct;bin;rgs;gif;jpg;jpeg;jpe;resx;tiff;tif;png;wav;mfcribbon-ms</Extensions>
    </Filter>
    <Filter Include="MyLib">
      <UniqueIdentifier>{7768adab-83fc-4a40-9db9-7efbffbe3e58}</UniqueIdentifier>
    </Filter>
    <Filter Include="Window">
      <UniqueIdentifier>{c5e52749-0151-442c-a8d0-3626fc1d3c83}</UniqueIdentifier>
    </Filter>
    <Filter Include="Window\Icon">
      <UniqueIdentifier>{d2367287-ecb6-4af0-a9da-4cbe4170fae7}</UniqueIdentifier>
    </Filter>
    <Filter Include="etc">
      <UniqueIdentifier>{c445565f-0012-4316-9ef6-ab3466c4602a}</UniqueIdentifier>
    </Filter>
    <Filter Include="Device">
      <UniqueIdentifier>{92a9c3d2-562c-41c6-b0f1-232864da2124}</UniqueIdentifier>
    </Filter>
    <Filter Include="Queue">
      <UniqueIdentifier>{bf3273e0-e793-4a66-a4df-0afe9d9a5e69}</UniqueIdentifier>
    </Filter>
    <Filter Include="List">
      <UniqueIdentifier>{57de2fb2-05cb-4ee6-b4a7-e57dae812bb8}</UniqueIdentifier>
    </Filter>
    <Filter Include="Fence">
      <UniqueIdentifier>{d8372eeb-6202-4ef9-b073-9068b265d8c2}</UniqueIdentifier>
    </Filter>
    <Filter Include="Swap">
      <UniqueIdentifier>{fe60f45e-a7fc-45e4-92da-1a3e95a975b4}</UniqueIdentifier>
    </Filter>
    <Filter Include="Render">
      <UniqueIdentifier>{6d14614c-4592-4d1a-b6d3-e3020e8ec81b}</UniqueIdentifier>
    </Filter>
    <Filter Include="Descriptor">
      <UniqueIdentifier>{e5c363f7-dfd6-4738-8d88-f91d0a9ebcf6}</UniqueIdentifier>
    </Filter>
    <Filter Include="Depth">
      <UniqueIdentifier>{11d27a96-a61d-42b1-826f-29d60d943db6}</UniqueIdentifier>
    </Filter>
    <Filter Include="Root">
      <UniqueIdentifier>{e19824f2-3343-4029-b579-5f895f90d558}</UniqueIdentifier>
    </Filter>
    <Filter Include="etc\Func">
      <UniqueIdentifier>{a93969cf-cc75-421d-aa2b-1cc5aaf9f0bb}</UniqueIdentifier>
    </Filter>
    <Filter Include="Pipe">
      <UniqueIdentifier>{4451b7ac-1514-4ca5-8f21-9509bbe99177}</UniqueIdentifier>
    </Filter>
    <Filter Include="Texture">
      <UniqueIdentifier>{04d8eb17-28d6-4863-a796-5ac9fcd33d02}</UniqueIdentifier>
    </Filter>
    <Filter Include="Texture\WIC">
      <UniqueIdentifier>{35e8af81-b310-4aa2-974e-92e773e54ea6}</UniqueIdentifier>
    </Filter>
    <Filter Include="Primitive">
      <UniqueIdentifier>{f147fe23-5eac-40fa-8441-45d42d9d7f7b}</UniqueIdentifier>
    </Filter>
    <Filter Include="Texture\Loader">
      <UniqueIdentifier>{9ecbe8a7-8d9b-4a73-95aa-25f40fc7fe10}</UniqueIdentifier>
    </Filter>
    <Filter Include="Sound">
      <UniqueIdentifier>{4bb0b858-339e-4431-b54e-531a3241749b}</UniqueIdentifier>
    </Filter>
    <Filter Include="Sound\XAudio2">
      <UniqueIdentifier>{2024b421-3d6c-45f7-867d-92d8b5faeb3f}</UniqueIdentifier>
    </Filter>
    <Filter Include="Sound\Loader">
      <UniqueIdentifier>{b0a954cb-ce6d-4476-b1d7-cd4450483cfa}</UniqueIdentifier>
    </Filter>
    <Filter Include="Sound\Func">
      <UniqueIdentifier>{eef01117-e04c-4cbe-afef-cbaa11bddb88}</UniqueIdentifier>
    </Filter>
    <Filter Include="Compute">
      <UniqueIdentifier>{f6c956d8-a792-4a3a-a982-a6e9cc5f04d0}</UniqueIdentifier>
    </Filter>
    <Filter Include="Math">
      <UniqueIdentifier>{e65d1947-03a3-44ff-b61a-6157764c6f34}</UniqueIdentifier>
    </Filter>
    <Filter Include="Input">
      <UniqueIdentifier>{0405cbec-fe6b-4e77-9ca8-35c3466e8ee3}</UniqueIdentifier>
    </Filter>
    <Filter Include="Sound\Filter">
      <UniqueIdentifier>{52457e56-ced2-4ad1-9163-da11d80a879d}</UniqueIdentifier>
    </Filter>
    <Filter Include="Sound\Effector">
      <UniqueIdentifier>{57bb4499-aa6d-43dc-bfe5-72745ee91959}</UniqueIdentifier>
    </Filter>
    <Filter Include="Sound\Delay">
      <UniqueIdentifier>{4e8b885d-2974-48b7-82ed-80497df4a3a1}</UniqueIdentifier>
    </Filter>
    <Filter Include="リソース ファイル\Texture">
      <UniqueIdentifier>{7f98bdab-4927-4cdf-99fd-c1940aecdd1c}</UniqueIdentifier>
    </Filter>
    <Filter Include="リソース ファイル\Primitive">
      <UniqueIdentifier>{ef27bffc-6c52-465b-95a7-e7d8002f2e68}</UniqueIdentifier>
    </Filter>
  </ItemGroup>
  <ItemGroup>
    <ClCompile Include="Main.cpp">
      <Filter>ソース ファイル</Filter>
    </ClCompile>
    <ClCompile Include="MyLib\MyLib.cpp">
      <Filter>MyLib</Filter>
    </ClCompile>
    <ClCompile Include="MyLib\Window\Window.cpp">
      <Filter>Window</Filter>
    </ClCompile>
    <ClCompile Include="MyLib\Device\Device.cpp">
      <Filter>Device</Filter>
    </ClCompile>
    <ClCompile Include="MyLib\Queue\Queue.cpp">
      <Filter>Queue</Filter>
    </ClCompile>
    <ClCompile Include="MyLib\List\List.cpp">
      <Filter>List</Filter>
    </ClCompile>
    <ClCompile Include="MyLib\Fence\Fence.cpp">
      <Filter>Fence</Filter>
    </ClCompile>
    <ClCompile Include="MyLib\Swap\Swap.cpp">
      <Filter>Swap</Filter>
    </ClCompile>
    <ClCompile Include="MyLib\Render\Render.cpp">
      <Filter>Render</Filter>
    </ClCompile>
    <ClCompile Include="MyLib\Descriptor\Descriptor.cpp">
      <Filter>Descriptor</Filter>
    </ClCompile>
    <ClCompile Include="MyLib\Depth\Depth.cpp">
      <Filter>Depth</Filter>
    </ClCompile>
    <ClCompile Include="MyLib\Root\Root.cpp">
      <Filter>Root</Filter>
    </ClCompile>
    <ClCompile Include="MyLib\etc\Func.cpp">
      <Filter>etc\Func</Filter>
    </ClCompile>
    <ClCompile Include="MyLib\Texture\WICTextureLoader12.cpp">
      <Filter>Texture\WIC</Filter>
    </ClCompile>
    <ClCompile Include="MyLib\Primitive\Primitive.cpp">
      <Filter>Primitive</Filter>
    </ClCompile>
    <ClCompile Include="MyLib\Texture\Texture.cpp">
      <Filter>Texture</Filter>
    </ClCompile>
    <ClCompile Include="MyLib\Texture\TexLoader.cpp">
      <Filter>Texture\Loader</Filter>
    </ClCompile>
    <ClCompile Include="MyLib\Pipe\Pipe.cpp">
      <Filter>Pipe</Filter>
    </ClCompile>
    <ClCompile Include="MyLib\Sound\XAudio2.cpp">
      <Filter>Sound\XAudio2</Filter>
    </ClCompile>
    <ClCompile Include="MyLib\Sound\SndLoader.cpp">
      <Filter>Sound\Loader</Filter>
    </ClCompile>
    <ClCompile Include="MyLib\Sound\SndFunc.cpp">
      <Filter>Sound\Func</Filter>
    </ClCompile>
    <ClCompile Include="MyLib\Sound\Sound.cpp">
      <Filter>Sound</Filter>
    </ClCompile>
    <ClCompile Include="MyLib\Compute\Compute.cpp">
      <Filter>Compute</Filter>
    </ClCompile>
    <ClCompile Include="MyLib\Input\Input.cpp">
      <Filter>Input</Filter>
    </ClCompile>
    <ClCompile Include="MyLib\Sound\Filter.cpp">
      <Filter>Sound\Filter</Filter>
    </ClCompile>
    <ClCompile Include="MyLib\Sound\Effector.cpp">
      <Filter>Sound\Effector</Filter>
    </ClCompile>
    <ClCompile Include="MyLib\Sound\Delay.cpp">
      <Filter>Sound\Delay</Filter>
    </ClCompile>
  </ItemGroup>
  <ItemGroup>
    <ClInclude Include="MyLib\MyLib.h">
      <Filter>MyLib</Filter>
    </ClInclude>
    <ClInclude Include="MyLib\Window\Window.h">
      <Filter>Window</Filter>
    </ClInclude>
    <ClInclude Include="MyLib\Window\Icon.h">
      <Filter>Window\Icon</Filter>
    </ClInclude>
    <ClInclude Include="MyLib\etc\Define.h">
      <Filter>etc</Filter>
    </ClInclude>
    <ClInclude Include="MyLib\etc\Release.h">
      <Filter>etc</Filter>
    </ClInclude>
    <ClInclude Include="MyLib\Device\Device.h">
      <Filter>Device</Filter>
    </ClInclude>
    <ClInclude Include="MyLib\Queue\Queue.h">
      <Filter>Queue</Filter>
    </ClInclude>
    <ClInclude Include="MyLib\List\List.h">
      <Filter>List</Filter>
    </ClInclude>
    <ClInclude Include="MyLib\Fence\Fence.h">
      <Filter>Fence</Filter>
    </ClInclude>
    <ClInclude Include="MyLib\Swap\Swap.h">
      <Filter>Swap</Filter>
    </ClInclude>
    <ClInclude Include="MyLib\Render\Render.h">
      <Filter>Render</Filter>
    </ClInclude>
    <ClInclude Include="MyLib\Descriptor\Descriptor.h">
      <Filter>Descriptor</Filter>
    </ClInclude>
    <ClInclude Include="MyLib\Depth\Depth.h">
      <Filter>Depth</Filter>
    </ClInclude>
    <ClInclude Include="MyLib\Root\Root.h">
      <Filter>Root</Filter>
    </ClInclude>
    <ClInclude Include="MyLib\etc\Func.h">
      <Filter>etc\Func</Filter>
    </ClInclude>
    <ClInclude Include="MyLib\Texture\WICTextureLoader12.h">
      <Filter>Texture\WIC</Filter>
    </ClInclude>
    <ClInclude Include="MyLib\Primitive\Primitive.h">
      <Filter>Primitive</Filter>
    </ClInclude>
    <ClInclude Include="MyLib\Texture\Texture.h">
      <Filter>Texture</Filter>
    </ClInclude>
    <ClInclude Include="MyLib\Texture\TexLoader.h">
      <Filter>Texture\Loader</Filter>
    </ClInclude>
    <ClInclude Include="MyLib\Pipe\Pipe.h">
      <Filter>Pipe</Filter>
    </ClInclude>
    <ClInclude Include="MyLib\Sound\Sound.h">
      <Filter>Sound</Filter>
    </ClInclude>
    <ClInclude Include="MyLib\Sound\XAudio2.h">
      <Filter>Sound\XAudio2</Filter>
    </ClInclude>
    <ClInclude Include="MyLib\Sound\VoiceCallback.h">
      <Filter>Sound\XAudio2</Filter>
    </ClInclude>
    <ClInclude Include="MyLib\Sound\SndLoader.h">
      <Filter>Sound\Loader</Filter>
    </ClInclude>
    <ClInclude Include="MyLib\Sound\SndFunc.h">
      <Filter>Sound\Func</Filter>
    </ClInclude>
    <ClInclude Include="MyLib\Compute\Compute.h">
      <Filter>Compute</Filter>
    </ClInclude>
    <ClInclude Include="MyLib\Math\Vector2.h">
      <Filter>Math</Filter>
    </ClInclude>
    <ClInclude Include="MyLib\Math\Vector3.h">
      <Filter>Math</Filter>
    </ClInclude>
    <ClInclude Include="MyLib\Input\Input.h">
      <Filter>Input</Filter>
    </ClInclude>
    <ClInclude Include="MyLib\Input\KeyCode.h">
      <Filter>Input</Filter>
    </ClInclude>
    <ClInclude Include="MyLib\Sound\Filter.h">
      <Filter>Sound\Filter</Filter>
    </ClInclude>
    <ClInclude Include="MyLib\Sound\Effector.h">
      <Filter>Sound\Effector</Filter>
    </ClInclude>
    <ClInclude Include="MyLib\Sound\Delay.h">
      <Filter>Sound\Delay</Filter>
    </ClInclude>
  </ItemGroup>
  <ItemGroup>
    <ResourceCompile Include="MyLib\Window\Icon.rc">
      <Filter>Window\Icon</Filter>
    </ResourceCompile>
  </ItemGroup>
  <ItemGroup>
    <FxCompile Include="MyLib\Shader\Effector.hlsl">
      <Filter>リソース ファイル</Filter>
    </FxCompile>
    <FxCompile Include="MyLib\Shader\Texture.hlsl">
      <Filter>リソース ファイル\Texture</Filter>
    </FxCompile>
    <FxCompile Include="MyLib\Shader\TexVS.hlsl">
      <Filter>リソース ファイル\Texture</Filter>
    </FxCompile>
    <FxCompile Include="MyLib\Shader\TexPS.hlsl">
      <Filter>リソース ファイル\Texture</Filter>
    </FxCompile>
    <FxCompile Include="MyLib\Shader\Primitive.hlsl">
      <Filter>リソース ファイル\Primitive</Filter>
    </FxCompile>
    <FxCompile Include="MyLib\Shader\PrimVS.hlsl">
      <Filter>リソース ファイル\Primitive</Filter>
    </FxCompile>
    <FxCompile Include="MyLib\Shader\PrimPS.hlsl">
      <Filter>リソース ファイル\Primitive</Filter>
    </FxCompile>
  </ItemGroup>
</Project>