<?xml version="1.0" encoding="utf-8"?>
<Project ToolsVersion="4.0" xmlns="http://schemas.microsoft.com/developer/msbuild/2003">
  <ItemGroup>
    <Filter Include="ソース ファイル">
      <UniqueIdentifier>{4FC737F1-C7A5-4376-A066-2A32D752A2FF}</UniqueIdentifier>
      <Extensions>cpp;c;cc;cxx;def;odl;idl;hpj;bat;asm;asmx</Extensions>
    </Filter>
    <Filter Include="ヘッダー ファイル">
      <UniqueIdentifier>{93995380-89BD-4b04-88EB-625FBE52EBFB}</UniqueIdentifier>
      <Extensions>h;hh;hpp;hxx;hm;inl;inc;ipp;xsd</Extensions>
    </Filter>
    <Filter Include="リソース ファイル">
      <UniqueIdentifier>{67DA6AB6-F800-4c08-8B7A-83BB121AAD01}</UniqueIdentifier>
      <Extensions>rc;ico;cur;bmp;dlg;rc2;rct;bin;rgs;gif;jpg;jpeg;jpe;resx;tiff;tif;png;wav;mfcribbon-ms</Extensions>
    </Filter>
    <Filter Include="MyLib">
      <UniqueIdentifier>{7768adab-83fc-4a40-9db9-7efbffbe3e58}</UniqueIdentifier>
    </Filter>
    <Filter Include="Window">
      <UniqueIdentifier>{c5e52749-0151-442c-a8d0-3626fc1d3c83}</UniqueIdentifier>
    </Filter>
    <Filter Include="Window\Icon">
      <UniqueIdentifier>{d2367287-ecb6-4af0-a9da-4cbe4170fae7}</UniqueIdentifier>
    </Filter>
    <Filter Include="Vector">
      <UniqueIdentifier>{e3a9ae60-1382-407f-9bc8-44730e3beee4}</UniqueIdentifier>
    </Filter>
    <Filter Include="etc">
      <UniqueIdentifier>{c445565f-0012-4316-9ef6-ab3466c4602a}</UniqueIdentifier>
    </Filter>
    <Filter Include="Device">
      <UniqueIdentifier>{92a9c3d2-562c-41c6-b0f1-232864da2124}</UniqueIdentifier>
    </Filter>
  </ItemGroup>
  <ItemGroup>
    <ClCompile Include="Main.cpp">
      <Filter>ソース ファイル</Filter>
    </ClCompile>
    <ClCompile Include="MyLib\MyLib.cpp">
      <Filter>MyLib</Filter>
    </ClCompile>
    <ClCompile Include="MyLib\Window\Window.cpp">
      <Filter>Window</Filter>
    </ClCompile>
    <ClCompile Include="MyLib\Device\Device.cpp">
      <Filter>Device</Filter>
    </ClCompile>
  </ItemGroup>
  <ItemGroup>
    <ClInclude Include="MyLib\MyLib.h">
      <Filter>MyLib</Filter>
    </ClInclude>
    <ClInclude Include="MyLib\Window\Window.h">
      <Filter>Window</Filter>
    </ClInclude>
    <ClInclude Include="MyLib\Window\Icon.h">
      <Filter>Window\Icon</Filter>
    </ClInclude>
    <ClInclude Include="MyLib\Vector\Vector2.h">
      <Filter>Vector</Filter>
    </ClInclude>
    <ClInclude Include="MyLib\etc\Define.h">
      <Filter>etc</Filter>
    </ClInclude>
    <ClInclude Include="MyLib\etc\Release.h">
      <Filter>etc</Filter>
    </ClInclude>
    <ClInclude Include="MyLib\Device\Device.h">
      <Filter>Device</Filter>
    </ClInclude>
  </ItemGroup>
  <ItemGroup>
    <ResourceCompile Include="MyLib\Window\Icon.rc">
      <Filter>Window\Icon</Filter>
    </ResourceCompile>
  </ItemGroup>
</Project>