
Microsoft Visual Studio Solution File, Format Version 12.00
# Visual Studio 15
VisualStudioVersion = 15.0.28307.421
MinimumVisualStudioVersion = 10.0.40219.1
Project("{8BC9CEB8-8B4A-11D0-8D11-00A0C91BC942}") = "MyLib", "MyLib\MyLib.vcxproj", "{30E0A98F-72C5-485C-802D-9F46FF86EBAF}"
EndProject
Global
	GlobalSection(SolutionConfigurationPlatforms) = preSolution
		Debug|x64 = Debug|x64
		Debug|x86 = Debug|x86
		Release|x64 = Release|x64
		Release|x86 = Release|x86
	EndGlobalSection
	GlobalSection(ProjectConfigurationPlatforms) = postSolution
		{30E0A98F-72C5-485C-802D-9F46FF86EBAF}.Debug|x64.ActiveCfg = Debug|x64
		{30E0A98F-72C5-485C-802D-9F46FF86EBAF}.Debug|x64.Build.0 = Debug|x64
		{30E0A98F-72C5-485C-802D-9F46FF86EBAF}.Debug|x86.ActiveCfg = Debug|Win32
		{30E0A98F-72C5-485C-802D-9F46FF86EBAF}.Debug|x86.Build.0 = Debug|Win32
		{30E0A98F-72C5-485C-802D-9F46FF86EBAF}.Release|x64.ActiveCfg = Release|x64
		{30E0A98F-72C5-485C-802D-9F46FF86EBAF}.Release|x64.Build.0 = Release|x64
		{30E0A98F-72C5-485C-802D-9F46FF86EBAF}.Release|x86.ActiveCfg = Release|Win32
		{30E0A98F-72C5-485C-802D-9F46FF86EBAF}.Release|x86.Build.0 = Release|Win32
	EndGlobalSection
	GlobalSection(SolutionProperties) = preSolution
		HideSolutionNode = FALSE
	EndGlobalSection
	GlobalSection(ExtensibilityGlobals) = postSolution
		SolutionGuid = {86F4F1C2-2B60-4703-9D49-F6381382C6B8}
	EndGlobalSection
EndGlobal
