<?xml version="1.0" encoding="utf-8"?>
<Project ToolsVersion="4.0" xmlns="http://schemas.microsoft.com/developer/msbuild/2003">
  <ItemGroup>
    <Filter Include="ソース ファイル">
      <UniqueIdentifier>{4FC737F1-C7A5-4376-A066-2A32D752A2FF}</UniqueIdentifier>
      <Extensions>cpp;c;cc;cxx;def;odl;idl;hpj;bat;asm;asmx</Extensions>
    </Filter>
    <Filter Include="ヘッダー ファイル">
      <UniqueIdentifier>{93995380-89BD-4b04-88EB-625FBE52EBFB}</UniqueIdentifier>
      <Extensions>h;hh;hpp;hxx;hm;inl;inc;ipp;xsd</Extensions>
    </Filter>
    <Filter Include="リソース ファイル">
      <UniqueIdentifier>{67DA6AB6-F800-4c08-8B7A-83BB121AAD01}</UniqueIdentifier>
      <Extensions>rc;ico;cur;bmp;dlg;rc2;rct;bin;rgs;gif;jpg;jpeg;jpe;resx;tiff;tif;png;wav;mfcribbon-ms</Extensions>
    </Filter>
    <Filter Include="Mixer">
      <UniqueIdentifier>{b747f77d-b19a-40ae-b8f6-775e0d2c3259}</UniqueIdentifier>
    </Filter>
    <Filter Include="DFT">
      <UniqueIdentifier>{d483816c-c5eb-48ed-8b3e-e188e77ef60b}</UniqueIdentifier>
    </Filter>
    <Filter Include="Waves">
      <UniqueIdentifier>{7b6cc64f-2c1e-4da3-b96d-8d17d4c70e56}</UniqueIdentifier>
    </Filter>
  </ItemGroup>
  <ItemGroup>
    <ClCompile Include="Main.cpp">
      <Filter>ソース ファイル</Filter>
    </ClCompile>
    <ClCompile Include="Mixer\Mixer.cpp">
      <Filter>Mixer</Filter>
    </ClCompile>
    <ClCompile Include="Waves\Waves.cpp">
      <Filter>Waves</Filter>
    </ClCompile>
    <ClCompile Include="DFT\DFT.cpp">
      <Filter>DFT</Filter>
    </ClCompile>
  </ItemGroup>
  <ItemGroup>
    <ClInclude Include="Mixer\Mixer.h">
      <Filter>Mixer</Filter>
    </ClInclude>
    <ClInclude Include="Waves\Waves.h">
      <Filter>Waves</Filter>
    </ClInclude>
    <ClInclude Include="DFT\DFT.h">
      <Filter>DFT</Filter>
    </ClInclude>
  </ItemGroup>
  <ItemGroup>
    <FxCompile Include="DFT\DFT.hlsl">
      <Filter>リソース ファイル</Filter>
    </FxCompile>
  </ItemGroup>
</Project>